
Microsoft Visual Studio Solution File, Format Version 12.00
# Visual Studio Version 17
VisualStudioVersion = 17.8.34309.116
MinimumVisualStudioVersion = 10.0.40219.1
Project("{9A19103F-16F7-4668-BE54-9A1E7A4F7556}") = "AuctionService", "AuctionService\AuctionService.csproj", "{B7F725DC-FE2E-483B-862D-632C58D6BD28}"
EndProject
Project("{2150E333-8FDC-42A3-9474-1A3956D46DE8}") = "Solution Items", "Solution Items", "{0628ADAF-37B5-450C-8C41-941D51BFDE98}"
	ProjectSection(SolutionItems) = preProject
		docker-compose.yml = docker-compose.yml
	EndProjectSection
EndProject
Project("{9A19103F-16F7-4668-BE54-9A1E7A4F7556}") = "SearchService", "SearchService\SearchService.csproj", "{32B64075-A8D6-434D-AD03-D066EFA8674C}"
EndProject
Project("{FAE04EC0-301F-11D3-BF4B-00C04F79EFBC}") = "Contracts", "Contracts\Contracts.csproj", "{43810ED5-247F-4685-BBB9-40D81B6CF5DE}"
EndProject
Global
	GlobalSection(SolutionConfigurationPlatforms) = preSolution
		Debug|Any CPU = Debug|Any CPU
		Release|Any CPU = Release|Any CPU
	EndGlobalSection
	GlobalSection(ProjectConfigurationPlatforms) = postSolution
		{B7F725DC-FE2E-483B-862D-632C58D6BD28}.Debug|Any CPU.ActiveCfg = Debug|Any CPU
		{B7F725DC-FE2E-483B-862D-632C58D6BD28}.Debug|Any CPU.Build.0 = Debug|Any CPU
		{B7F725DC-FE2E-483B-862D-632C58D6BD28}.Release|Any CPU.ActiveCfg = Release|Any CPU
		{B7F725DC-FE2E-483B-862D-632C58D6BD28}.Release|Any CPU.Build.0 = Release|Any CPU
		{32B64075-A8D6-434D-AD03-D066EFA8674C}.Debug|Any CPU.ActiveCfg = Debug|Any CPU
		{32B64075-A8D6-434D-AD03-D066EFA8674C}.Debug|Any CPU.Build.0 = Debug|Any CPU
		{32B64075-A8D6-434D-AD03-D066EFA8674C}.Release|Any CPU.ActiveCfg = Release|Any CPU
		{32B64075-A8D6-434D-AD03-D066EFA8674C}.Release|Any CPU.Build.0 = Release|Any CPU
		{43810ED5-247F-4685-BBB9-40D81B6CF5DE}.Debug|Any CPU.ActiveCfg = Debug|Any CPU
		{43810ED5-247F-4685-BBB9-40D81B6CF5DE}.Debug|Any CPU.Build.0 = Debug|Any CPU
		{43810ED5-247F-4685-BBB9-40D81B6CF5DE}.Release|Any CPU.ActiveCfg = Release|Any CPU
		{43810ED5-247F-4685-BBB9-40D81B6CF5DE}.Release|Any CPU.Build.0 = Release|Any CPU
	EndGlobalSection
	GlobalSection(SolutionProperties) = preSolution
		HideSolutionNode = FALSE
	EndGlobalSection
	GlobalSection(ExtensibilityGlobals) = postSolution
		SolutionGuid = {695660AA-B088-4FDB-8327-32D7B5B553A3}
	EndGlobalSection
EndGlobal
